
Microsoft Visual Studio Solution File, Format Version 12.00
# Visual Studio Version 17
VisualStudioVersion = 17.7.34202.233
MinimumVisualStudioVersion = 10.0.40219.1
Project("{FAE04EC0-301F-11D3-BF4B-00C04F79EFBC}") = "GameZone", "GameZone\GameZone.csproj", "{55E0F48A-704F-48ED-959E-A849AA85BA93}"
EndProject
Global
	GlobalSection(SolutionConfigurationPlatforms) = preSolution
		Debug|Any CPU = Debug|Any CPU
		Release|Any CPU = Release|Any CPU
	EndGlobalSection
	GlobalSection(ProjectConfigurationPlatforms) = postSolution
		{55E0F48A-704F-48ED-959E-A849AA85BA93}.Debug|Any CPU.ActiveCfg = Debug|Any CPU
		{55E0F48A-704F-48ED-959E-A849AA85BA93}.Debug|Any CPU.Build.0 = Debug|Any CPU
		{55E0F48A-704F-48ED-959E-A849AA85BA93}.Release|Any CPU.ActiveCfg = Release|Any CPU
		{55E0F48A-704F-48ED-959E-A849AA85BA93}.Release|Any CPU.Build.0 = Release|Any CPU
	EndGlobalSection
	GlobalSection(SolutionProperties) = preSolution
		HideSolutionNode = FALSE
	EndGlobalSection
	GlobalSection(ExtensibilityGlobals) = postSolution
		SolutionGuid = {606B12FD-4D96-4E1B-95AB-E4DAB22B4F15}
	EndGlobalSection
EndGlobal
